Microsoft Visual Studio Solution File, Format Version 11.00
# Visual Studio 2008

Project("{75BDDFF7-DC45-0851-FC63-20052CAA84A5}") = "CryptidRancher", "Assembly-CSharp.csproj", "{D68FE767-BB32-24AD-89C8-892BA76C240D}"
EndProject
Global
	GlobalSection(SolutionConfigurationPlatforms) = preSolution
		Debug|Any CPU = Debug|Any CPU
		Release|Any CPU = Release|Any CPU
	EndGlobalSection
	GlobalSection(ProjectConfigurationPlatforms) = postSolution
		{D68FE767-BB32-24AD-89C8-892BA76C240D}.Debug|Any CPU.ActiveCfg = Debug|Any CPU
		{D68FE767-BB32-24AD-89C8-892BA76C240D}.Debug|Any CPU.Build.0 = Debug|Any CPU
		{D68FE767-BB32-24AD-89C8-892BA76C240D}.Release|Any CPU.ActiveCfg = Release|Any CPU
		{D68FE767-BB32-24AD-89C8-892BA76C240D}.Release|Any CPU.Build.0 = Release|Any CPU
	EndGlobalSection
	GlobalSection(SolutionProperties) = preSolution
		HideSolutionNode = FALSE
	EndGlobalSection
	GlobalSection(MonoDevelopProperties) = preSolution
		StartupItem = Assembly-CSharp.csproj
	EndGlobalSection
EndGlobal
